
Microsoft Visual Studio Solution File, Format Version 12.00
# Visual Studio Version 17
VisualStudioVersion = 17.11.35327.3
MinimumVisualStudioVersion = 10.0.40219.1
Project("{FAE04EC0-301F-11D3-BF4B-00C04F79EFBC}") = "WebApplication2", "WebApplication2\WebApplication2.csproj", "{02134CCE-A51B-49A5-9D56-247B74152D02}"
EndProject
Global
	GlobalSection(SolutionConfigurationPlatforms) = preSolution
		Debug|Any CPU = Debug|Any CPU
		Release|Any CPU = Release|Any CPU
	EndGlobalSection
	GlobalSection(ProjectConfigurationPlatforms) = postSolution
		{02134CCE-A51B-49A5-9D56-247B74152D02}.Debug|Any CPU.ActiveCfg = Debug|Any CPU
		{02134CCE-A51B-49A5-9D56-247B74152D02}.Debug|Any CPU.Build.0 = Debug|Any CPU
		{02134CCE-A51B-49A5-9D56-247B74152D02}.Release|Any CPU.ActiveCfg = Release|Any CPU
		{02134CCE-A51B-49A5-9D56-247B74152D02}.Release|Any CPU.Build.0 = Release|Any CPU
	EndGlobalSection
	GlobalSection(SolutionProperties) = preSolution
		HideSolutionNode = FALSE
	EndGlobalSection
	GlobalSection(ExtensibilityGlobals) = postSolution
		SolutionGuid = {C643E389-DA15-48D3-8931-4EB8120C84F4}
	EndGlobalSection
EndGlobal
